
Microsoft Visual Studio Solution File, Format Version 12.00
Project("{FAE04EC0-301F-11D3-BF4B-00C04F79EFBC}") = "DemoTests", "tests\DemoTests\DemoTests.csproj", "{8C3AD636-6CCA-4CC8-B602-5009F9409A9F}"
EndProject
Project("{FAE04EC0-301F-11D3-BF4B-00C04F79EFBC}") = "Core", "src\Core\Core.csproj", "{D1DBDDDB-C8BC-409D-871F-1A63111562E0}"
EndProject
Global
	GlobalSection(SolutionConfigurationPlatforms) = preSolution
		Debug|Any CPU = Debug|Any CPU
		Release|Any CPU = Release|Any CPU
	EndGlobalSection
	GlobalSection(ProjectConfigurationPlatforms) = postSolution
		{8C3AD636-6CCA-4CC8-B602-5009F9409A9F}.Debug|Any CPU.ActiveCfg = Debug|Any CPU
		{8C3AD636-6CCA-4CC8-B602-5009F9409A9F}.Debug|Any CPU.Build.0 = Debug|Any CPU
		{D1DBDDDB-C8BC-409D-871F-1A63111562E0}.Debug|Any CPU.ActiveCfg = Debug|Any CPU
		{D1DBDDDB-C8BC-409D-871F-1A63111562E0}.Debug|Any CPU.Build.0 = Debug|Any CPU
		{D1DBDDDB-C8BC-409D-871F-1A63111562E0}.Release|Any CPU.ActiveCfg = Release|Any CPU
		{D1DBDDDB-C8BC-409D-871F-1A63111562E0}.Release|Any CPU.Build.0 = Release|Any CPU
	EndGlobalSection
EndGlobal
